
Microsoft Visual Studio Solution File, Format Version 12.00
# Visual Studio Version 16
VisualStudioVersion = 16.0.32228.343
MinimumVisualStudioVersion = 10.0.40219.1
Project("{FAE04EC0-301F-11D3-BF4B-00C04F79EFBC}") = "DAL", "DAL\DAL.csproj", "{401BC5D4-342E-4689-991F-A9693E445A56}"
EndProject
Project("{FAE04EC0-301F-11D3-BF4B-00C04F79EFBC}") = "GUI", "GUI\GUI.csproj", "{13556CBB-0D9C-4B19-AFB6-1EB3D6F80871}"
EndProject
Project("{FAE04EC0-301F-11D3-BF4B-00C04F79EFBC}") = "BLL", "BLL\BLL.csproj", "{56E0585F-5FAC-4346-A046-FBB323870D94}"
EndProject
Global
	GlobalSection(SolutionConfigurationPlatforms) = preSolution
		Debug|Any CPU = Debug|Any CPU
		Debug|x64 = Debug|x64
		Release|Any CPU = Release|Any CPU
		Release|x64 = Release|x64
	EndGlobalSection
	GlobalSection(ProjectConfigurationPlatforms) = postSolution
		{401BC5D4-342E-4689-991F-A9693E445A56}.Debug|Any CPU.ActiveCfg = Debug|Any CPU
		{401BC5D4-342E-4689-991F-A9693E445A56}.Debug|Any CPU.Build.0 = Debug|Any CPU
		{401BC5D4-342E-4689-991F-A9693E445A56}.Debug|x64.ActiveCfg = Debug|Any CPU
		{401BC5D4-342E-4689-991F-A9693E445A56}.Debug|x64.Build.0 = Debug|Any CPU
		{401BC5D4-342E-4689-991F-A9693E445A56}.Release|Any CPU.ActiveCfg = Release|Any CPU
		{401BC5D4-342E-4689-991F-A9693E445A56}.Release|Any CPU.Build.0 = Release|Any CPU
		{401BC5D4-342E-4689-991F-A9693E445A56}.Release|x64.ActiveCfg = Release|Any CPU
		{401BC5D4-342E-4689-991F-A9693E445A56}.Release|x64.Build.0 = Release|Any CPU
		{13556CBB-0D9C-4B19-AFB6-1EB3D6F80871}.Debug|Any CPU.ActiveCfg = Debug|Any CPU
		{13556CBB-0D9C-4B19-AFB6-1EB3D6F80871}.Debug|Any CPU.Build.0 = Debug|Any CPU
		{13556CBB-0D9C-4B19-AFB6-1EB3D6F80871}.Debug|x64.ActiveCfg = Debug|Any CPU
		{13556CBB-0D9C-4B19-AFB6-1EB3D6F80871}.Release|Any CPU.ActiveCfg = Release|Any CPU
		{13556CBB-0D9C-4B19-AFB6-1EB3D6F80871}.Release|Any CPU.Build.0 = Release|Any CPU
		{13556CBB-0D9C-4B19-AFB6-1EB3D6F80871}.Release|x64.ActiveCfg = Release|Any CPU
		{56E0585F-5FAC-4346-A046-FBB323870D94}.Debug|Any CPU.ActiveCfg = Debug|Any CPU
		{56E0585F-5FAC-4346-A046-FBB323870D94}.Debug|Any CPU.Build.0 = Debug|Any CPU
		{56E0585F-5FAC-4346-A046-FBB323870D94}.Debug|x64.ActiveCfg = Debug|Any CPU
		{56E0585F-5FAC-4346-A046-FBB323870D94}.Debug|x64.Build.0 = Debug|Any CPU
		{56E0585F-5FAC-4346-A046-FBB323870D94}.Release|Any CPU.ActiveCfg = Release|Any CPU
		{56E0585F-5FAC-4346-A046-FBB323870D94}.Release|Any CPU.Build.0 = Release|Any CPU
		{56E0585F-5FAC-4346-A046-FBB323870D94}.Release|x64.ActiveCfg = Release|Any CPU
		{56E0585F-5FAC-4346-A046-FBB323870D94}.Release|x64.Build.0 = Release|Any CPU
	EndGlobalSection
	GlobalSection(SolutionProperties) = preSolution
		HideSolutionNode = FALSE
	EndGlobalSection
	GlobalSection(ExtensibilityGlobals) = postSolution
		SolutionGuid = {0711DCDB-086A-405A-A217-0FD237907885}
	EndGlobalSection
EndGlobal
